
Microsoft Visual Studio Solution File, Format Version 12.00
# Visual Studio Version 17
VisualStudioVersion = 17.1.32421.90
MinimumVisualStudioVersion = 10.0.40219.1
Project("{FAE04EC0-301F-11D3-BF4B-00C04F79EFBC}") = "GMIS", "GMIS\GMIS.csproj", "{B32D6A54-C7C7-407D-B715-B16B6607D875}"
EndProject
Global
	GlobalSection(SolutionConfigurationPlatforms) = preSolution
		Debug|Any CPU = Debug|Any CPU
		Release|Any CPU = Release|Any CPU
	EndGlobalSection
	GlobalSection(ProjectConfigurationPlatforms) = postSolution
		{B32D6A54-C7C7-407D-B715-B16B6607D875}.Debug|Any CPU.ActiveCfg = Debug|Any CPU
		{B32D6A54-C7C7-407D-B715-B16B6607D875}.Debug|Any CPU.Build.0 = Debug|Any CPU
		{B32D6A54-C7C7-407D-B715-B16B6607D875}.Release|Any CPU.ActiveCfg = Release|Any CPU
		{B32D6A54-C7C7-407D-B715-B16B6607D875}.Release|Any CPU.Build.0 = Release|Any CPU
	EndGlobalSection
	GlobalSection(SolutionProperties) = preSolution
		HideSolutionNode = FALSE
	EndGlobalSection
	GlobalSection(ExtensibilityGlobals) = postSolution
		SolutionGuid = {537B85C0-8619-4371-BEA0-7AFFB2AC5239}
	EndGlobalSection
EndGlobal
